
Microsoft Visual Studio Solution File, Format Version 12.00
# Visual Studio 15
VisualStudioVersion = 15.0.28307.779
MinimumVisualStudioVersion = 10.0.40219.1
Project("{FAE04EC0-301F-11D3-BF4B-00C04F79EFBC}") = "Gpib.InstrumentInterface", "Gpib.InstrumentInterface\Gpib.InstrumentInterface.csproj", "{D9B59AC2-B46E-486E-88EB-8147D9027DFA}"
EndProject
Project("{FAE04EC0-301F-11D3-BF4B-00C04F79EFBC}") = "Pm5644Commander.Cli", "Pm5644Commander.Cli\Pm5644Commander.Cli.csproj", "{A11E277B-9E5C-44B6-ACFF-09C9EDD1AB34}"
EndProject
Project("{FAE04EC0-301F-11D3-BF4B-00C04F79EFBC}") = "Pm5644Commander.Gui", "Pm5644Commander.Gui\Pm5644Commander.Gui.csproj", "{28816437-1BD3-43F3-8991-8708A616DD4C}"
EndProject
Global
	GlobalSection(SolutionConfigurationPlatforms) = preSolution
		Debug|Any CPU = Debug|Any CPU
		Release|Any CPU = Release|Any CPU
	EndGlobalSection
	GlobalSection(ProjectConfigurationPlatforms) = postSolution
		{D9B59AC2-B46E-486E-88EB-8147D9027DFA}.Debug|Any CPU.ActiveCfg = Debug|Any CPU
		{D9B59AC2-B46E-486E-88EB-8147D9027DFA}.Debug|Any CPU.Build.0 = Debug|Any CPU
		{D9B59AC2-B46E-486E-88EB-8147D9027DFA}.Release|Any CPU.ActiveCfg = Release|Any CPU
		{D9B59AC2-B46E-486E-88EB-8147D9027DFA}.Release|Any CPU.Build.0 = Release|Any CPU
		{A11E277B-9E5C-44B6-ACFF-09C9EDD1AB34}.Debug|Any CPU.ActiveCfg = Debug|Any CPU
		{A11E277B-9E5C-44B6-ACFF-09C9EDD1AB34}.Debug|Any CPU.Build.0 = Debug|Any CPU
		{A11E277B-9E5C-44B6-ACFF-09C9EDD1AB34}.Release|Any CPU.ActiveCfg = Release|Any CPU
		{A11E277B-9E5C-44B6-ACFF-09C9EDD1AB34}.Release|Any CPU.Build.0 = Release|Any CPU
		{28816437-1BD3-43F3-8991-8708A616DD4C}.Debug|Any CPU.ActiveCfg = Debug|Any CPU
		{28816437-1BD3-43F3-8991-8708A616DD4C}.Debug|Any CPU.Build.0 = Debug|Any CPU
		{28816437-1BD3-43F3-8991-8708A616DD4C}.Release|Any CPU.ActiveCfg = Release|Any CPU
		{28816437-1BD3-43F3-8991-8708A616DD4C}.Release|Any CPU.Build.0 = Release|Any CPU
	EndGlobalSection
	GlobalSection(SolutionProperties) = preSolution
		HideSolutionNode = FALSE
	EndGlobalSection
	GlobalSection(ExtensibilityGlobals) = postSolution
		SolutionGuid = {228F59B9-1916-4D9F-8A22-1EA812D27052}
	EndGlobalSection
EndGlobal
